
Microsoft Visual Studio Solution File, Format Version 12.00
# Visual Studio Version 16
VisualStudioVersion = 16.0.33027.164
MinimumVisualStudioVersion = 10.0.40219.1
Project("{FAE04EC0-301F-11D3-BF4B-00C04F79EFBC}") = "BBC_Desktop", "BBC_Desktop\BBC_Desktop.csproj", "{1C873AB9-DD03-4B5E-9E86-F0686F1FB43B}"
EndProject
Global
	GlobalSection(SolutionConfigurationPlatforms) = preSolution
		Debug|Any CPU = Debug|Any CPU
		Release|Any CPU = Release|Any CPU
	EndGlobalSection
	GlobalSection(ProjectConfigurationPlatforms) = postSolution
		{1C873AB9-DD03-4B5E-9E86-F0686F1FB43B}.Debug|Any CPU.ActiveCfg = Debug|Any CPU
		{1C873AB9-DD03-4B5E-9E86-F0686F1FB43B}.Debug|Any CPU.Build.0 = Debug|Any CPU
		{1C873AB9-DD03-4B5E-9E86-F0686F1FB43B}.Release|Any CPU.ActiveCfg = Release|Any CPU
		{1C873AB9-DD03-4B5E-9E86-F0686F1FB43B}.Release|Any CPU.Build.0 = Release|Any CPU
	EndGlobalSection
	GlobalSection(SolutionProperties) = preSolution
		HideSolutionNode = FALSE
	EndGlobalSection
	GlobalSection(ExtensibilityGlobals) = postSolution
		SolutionGuid = {DD71F419-9F61-4F10-AFCE-240836420D52}
	EndGlobalSection
EndGlobal
